// !$*UTF8*$!
{
	archiveVersion = 1;
	classes = {
	};
	objectVersion = 55;
	objects = {

/* Begin PBXBuildFile section */
		98457D2C288D918100954D10 /* ExpenseTrackerApp.swift in Sources */ = {isa = PBXBuildFile; fileRef = 98457D2B288D918100954D10 /* ExpenseTrackerApp.swift */; };
		98457D2E288D918100954D10 /* ContentView.swift in Sources */ = {isa = PBXBuildFile; fileRef = 98457D2D288D918100954D10 /* ContentView.swift */; };
		98457D30288D918500954D10 /* Assets.xcassets in Resources */ = {isa = PBXBuildFile; fileRef = 98457D2F288D918500954D10 /* Assets.xcassets */; };
		98457D33288D918500954D10 /* Preview Assets.xcassets in Resources */ = {isa = PBXBuildFile; fileRef = 98457D32288D918500954D10 /* Preview Assets.xcassets */; };
		98457D3D288D918500954D10 /* ExpenseTrackerTests.swift in Sources */ = {isa = PBXBuildFile; fileRef = 98457D3C288D918500954D10 /* ExpenseTrackerTests.swift */; };
		98457D47288D918500954D10 /* ExpenseTrackerUITests.swift in Sources */ = {isa = PBXBuildFile; fileRef = 98457D46288D918500954D10 /* ExpenseTrackerUITests.swift */; };
		98457D49288D918500954D10 /* ExpenseTrackerUITestsLaunchTests.swift in Sources */ = {isa = PBXBuildFile; fileRef = 98457D48288D918500954D10 /* ExpenseTrackerUITestsLaunchTests.swift */; };
		98457D56288D940200954D10 /* Extensions.swift in Sources */ = {isa = PBXBuildFile; fileRef = 98457D55288D940200954D10 /* Extensions.swift */; };
		98457D59288D972400954D10 /* TransactionModel.swift in Sources */ = {isa = PBXBuildFile; fileRef = 98457D58288D972400954D10 /* TransactionModel.swift */; };
		98457D5B288D986C00954D10 /* PreviewData.swift in Sources */ = {isa = PBXBuildFile; fileRef = 98457D5A288D986C00954D10 /* PreviewData.swift */; };
		98457D5E288D996E00954D10 /* TransactionRow.swift in Sources */ = {isa = PBXBuildFile; fileRef = 98457D5D288D996E00954D10 /* TransactionRow.swift */; };
		98457D60288DC10C00954D10 /* TransactionListViewModel.swift in Sources */ = {isa = PBXBuildFile; fileRef = 98457D5F288DC10C00954D10 /* TransactionListViewModel.swift */; };
		98457D62288DC53100954D10 /* RecentTxnListView.swift in Sources */ = {isa = PBXBuildFile; fileRef = 98457D61288DC53100954D10 /* RecentTxnListView.swift */; };
		98457D64288DD00300954D10 /* TxnsDetailView.swift in Sources */ = {isa = PBXBuildFile; fileRef = 98457D63288DD00300954D10 /* TxnsDetailView.swift */; };
		98457D67288DD33C00954D10 /* Collections in Frameworks */ = {isa = PBXBuildFile; productRef = 98457D66288DD33C00954D10 /* Collections */; };
		98457D6A288DD3F900954D10 /* SwiftUICharts in Frameworks */ = {isa = PBXBuildFile; productRef = 98457D69288DD3F900954D10 /* SwiftUICharts */; };
/* End PBXBuildFile section */

/* Begin PBXContainerItemProxy section */
		98457D39288D918500954D10 /* PBXContainerItemProxy */ = {
			isa = PBXContainerItemProxy;
			containerPortal = 98457D20288D918100954D10 /* Project object */;
			proxyType = 1;
			remoteGlobalIDString = 98457D27288D918100954D10;
			remoteInfo = ExpenseTracker;
		};
		98457D43288D918500954D10 /* PBXContainerItemProxy */ = {
			isa = PBXContainerItemProxy;
			containerPortal = 98457D20288D918100954D10 /* Project object */;
			proxyType = 1;
			remoteGlobalIDString = 98457D27288D918100954D10;
			remoteInfo = ExpenseTracker;
		};
/* End PBXContainerItemProxy section */

/* Begin PBXFileReference section */
		98457D28288D918100954D10 /* ExpenseTracker.app */ = {isa = PBXFileReference; explicitFileType = wrapper.application; includeInIndex = 0; path = ExpenseTracker.app; sourceTree = BUILT_PRODUCTS_DIR; };
		98457D2B288D918100954D10 /* ExpenseTrackerApp.swift */ = {isa = PBXFileReference; lastKnownFileType = sourcecode.swift; path = ExpenseTrackerApp.swift; sourceTree = "<group>"; };
		98457D2D288D918100954D10 /* ContentView.swift */ = {isa = PBXFileReference; lastKnownFileType = sourcecode.swift; path = ContentView.swift; sourceTree = "<group>"; };
		98457D2F288D918500954D10 /* Assets.xcassets */ = {isa = PBXFileReference; lastKnownFileType = folder.assetcatalog; path = Assets.xcassets; sourceTree = "<group>"; };
		98457D32288D918500954D10 /* Preview Assets.xcassets */ = {isa = PBXFileReference; lastKnownFileType = folder.assetcatalog; path = "Preview Assets.xcassets"; sourceTree = "<group>"; };
		98457D38288D918500954D10 /* ExpenseTrackerTests.xctest */ = {isa = PBXFileReference; explicitFileType = wrapper.cfbundle; includeInIndex = 0; path = ExpenseTrackerTests.xctest; sourceTree = BUILT_PRODUCTS_DIR; };
		98457D3C288D918500954D10 /* ExpenseTrackerTests.swift */ = {isa = PBXFileReference; lastKnownFileType = sourcecode.swift; path = ExpenseTrackerTests.swift; sourceTree = "<group>"; };
		98457D42288D918500954D10 /* ExpenseTrackerUITests.xctest */ = {isa = PBXFileReference; explicitFileType = wrapper.cfbundle; includeInIndex = 0; path = ExpenseTrackerUITests.xctest; sourceTree = BUILT_PRODUCTS_DIR; };
		98457D46288D918500954D10 /* ExpenseTrackerUITests.swift */ = {isa = PBXFileReference; lastKnownFileType = sourcecode.swift; path = ExpenseTrackerUITests.swift; sourceTree = "<group>"; };
		98457D48288D918500954D10 /* ExpenseTrackerUITestsLaunchTests.swift */ = {isa = PBXFileReference; lastKnownFileType = sourcecode.swift; path = ExpenseTrackerUITestsLaunchTests.swift; sourceTree = "<group>"; };
		98457D55288D940200954D10 /* Extensions.swift */ = {isa = PBXFileReference; lastKnownFileType = sourcecode.swift; path = Extensions.swift; sourceTree = "<group>"; };
		98457D58288D972400954D10 /* TransactionModel.swift */ = {isa = PBXFileReference; lastKnownFileType = sourcecode.swift; path = TransactionModel.swift; sourceTree = "<group>"; };
		98457D5A288D986C00954D10 /* PreviewData.swift */ = {isa = PBXFileReference; lastKnownFileType = sourcecode.swift; path = PreviewData.swift; sourceTree = "<group>"; };
		98457D5D288D996E00954D10 /* TransactionRow.swift */ = {isa = PBXFileReference; lastKnownFileType = sourcecode.swift; path = TransactionRow.swift; sourceTree = "<group>"; };
		98457D5F288DC10C00954D10 /* TransactionListViewModel.swift */ = {isa = PBXFileReference; lastKnownFileType = sourcecode.swift; path = TransactionListViewModel.swift; sourceTree = "<group>"; };
		98457D61288DC53100954D10 /* RecentTxnListView.swift */ = {isa = PBXFileReference; lastKnownFileType = sourcecode.swift; path = RecentTxnListView.swift; sourceTree = "<group>"; };
		98457D63288DD00300954D10 /* TxnsDetailView.swift */ = {isa = PBXFileReference; lastKnownFileType = sourcecode.swift; path = TxnsDetailView.swift; sourceTree = "<group>"; };
/* End PBXFileReference section */

/* Begin PBXFrameworksBuildPhase section */
		98457D25288D918100954D10 /* Frameworks */ = {
			isa = PBXFrameworksBuildPhase;
			buildActionMask = 2147483647;
			files = (
				98457D67288DD33C00954D10 /* Collections in Frameworks */,
				98457D6A288DD3F900954D10 /* SwiftUICharts in Frameworks */,
			);
			runOnlyForDeploymentPostprocessing = 0;
		};
		98457D35288D918500954D10 /* Frameworks */ = {
			isa = PBXFrameworksBuildPhase;
			buildActionMask = 2147483647;
			files = (
			);
			runOnlyForDeploymentPostprocessing = 0;
		};
		98457D3F288D918500954D10 /* Frameworks */ = {
			isa = PBXFrameworksBuildPhase;
			buildActionMask = 2147483647;
			files = (
			);
			runOnlyForDeploymentPostprocessing = 0;
		};
/* End PBXFrameworksBuildPhase section */

/* Begin PBXGroup section */
		98457D1F288D918100954D10 = {
			isa = PBXGroup;
			children = (
				98457D2A288D918100954D10 /* ExpenseTracker */,
				98457D3B288D918500954D10 /* ExpenseTrackerTests */,
				98457D45288D918500954D10 /* ExpenseTrackerUITests */,
				98457D29288D918100954D10 /* Products */,
			);
			sourceTree = "<group>";
		};
		98457D29288D918100954D10 /* Products */ = {
			isa = PBXGroup;
			children = (
				98457D28288D918100954D10 /* ExpenseTracker.app */,
				98457D38288D918500954D10 /* ExpenseTrackerTests.xctest */,
				98457D42288D918500954D10 /* ExpenseTrackerUITests.xctest */,
			);
			name = Products;
			sourceTree = "<group>";
		};
		98457D2A288D918100954D10 /* ExpenseTracker */ = {
			isa = PBXGroup;
			children = (
				98457D5C288D995000954D10 /* Views */,
				98457D57288D971600954D10 /* Models */,
				98457D2B288D918100954D10 /* ExpenseTrackerApp.swift */,
				98457D2F288D918500954D10 /* Assets.xcassets */,
				98457D31288D918500954D10 /* Preview Content */,
				98457D55288D940200954D10 /* Extensions.swift */,
			);
			path = ExpenseTracker;
			sourceTree = "<group>";
		};
		98457D31288D918500954D10 /* Preview Content */ = {
			isa = PBXGroup;
			children = (
				98457D32288D918500954D10 /* Preview Assets.xcassets */,
				98457D5A288D986C00954D10 /* PreviewData.swift */,
			);
			path = "Preview Content";
			sourceTree = "<group>";
		};
		98457D3B288D918500954D10 /* ExpenseTrackerTests */ = {
			isa = PBXGroup;
			children = (
				98457D3C288D918500954D10 /* ExpenseTrackerTests.swift */,
			);
			path = ExpenseTrackerTests;
			sourceTree = "<group>";
		};
		98457D45288D918500954D10 /* ExpenseTrackerUITests */ = {
			isa = PBXGroup;
			children = (
				98457D46288D918500954D10 /* ExpenseTrackerUITests.swift */,
				98457D48288D918500954D10 /* ExpenseTrackerUITestsLaunchTests.swift */,
			);
			path = ExpenseTrackerUITests;
			sourceTree = "<group>";
		};
		98457D57288D971600954D10 /* Models */ = {
			isa = PBXGroup;
			children = (
				98457D58288D972400954D10 /* TransactionModel.swift */,
				98457D5F288DC10C00954D10 /* TransactionListViewModel.swift */,
			);
			path = Models;
			sourceTree = "<group>";
		};
		98457D5C288D995000954D10 /* Views */ = {
			isa = PBXGroup;
			children = (
				98457D2D288D918100954D10 /* ContentView.swift */,
				98457D5D288D996E00954D10 /* TransactionRow.swift */,
				98457D61288DC53100954D10 /* RecentTxnListView.swift */,
				98457D63288DD00300954D10 /* TxnsDetailView.swift */,
			);
			path = Views;
			sourceTree = "<group>";
		};
/* End PBXGroup section */

/* Begin PBXNativeTarget section */
		98457D27288D918100954D10 /* ExpenseTracker */ = {
			isa = PBXNativeTarget;
			buildConfigurationList = 98457D4C288D918500954D10 /* Build configuration list for PBXNativeTarget "ExpenseTracker" */;
			buildPhases = (
				98457D24288D918100954D10 /* Sources */,
				98457D25288D918100954D10 /* Frameworks */,
				98457D26288D918100954D10 /* Resources */,
			);
			buildRules = (
			);
			dependencies = (
			);
			name = ExpenseTracker;
			packageProductDependencies = (
				98457D66288DD33C00954D10 /* Collections */,
				98457D69288DD3F900954D10 /* SwiftUICharts */,
			);
			productName = ExpenseTracker;
			productReference = 98457D28288D918100954D10 /* ExpenseTracker.app */;
			productType = "com.apple.product-type.application";
		};
		98457D37288D918500954D10 /* ExpenseTrackerTests */ = {
			isa = PBXNativeTarget;
			buildConfigurationList = 98457D4F288D918500954D10 /* Build configuration list for PBXNativeTarget "ExpenseTrackerTests" */;
			buildPhases = (
				98457D34288D918500954D10 /* Sources */,
				98457D35288D918500954D10 /* Frameworks */,
				98457D36288D918500954D10 /* Resources */,
			);
			buildRules = (
			);
			dependencies = (
				98457D3A288D918500954D10 /* PBXTargetDependency */,
			);
			name = ExpenseTrackerTests;
			productName = ExpenseTrackerTests;
			productReference = 98457D38288D918500954D10 /* ExpenseTrackerTests.xctest */;
			productType = "com.apple.product-type.bundle.unit-test";
		};
		98457D41288D918500954D10 /* ExpenseTrackerUITests */ = {
			isa = PBXNativeTarget;
			buildConfigurationList = 98457D52288D918500954D10 /* Build configuration list for PBXNativeTarget "ExpenseTrackerUITests" */;
			buildPhases = (
				98457D3E288D918500954D10 /* Sources */,
				98457D3F288D918500954D10 /* Frameworks */,
				98457D40288D918500954D10 /* Resources */,
			);
			buildRules = (
			);
			dependencies = (
				98457D44288D918500954D10 /* PBXTargetDependency */,
			);
			name = ExpenseTrackerUITests;
			productName = ExpenseTrackerUITests;
			productReference = 98457D42288D918500954D10 /* ExpenseTrackerUITests.xctest */;
			productType = "com.apple.product-type.bundle.ui-testing";
		};
/* End PBXNativeTarget section */

/* Begin PBXProject section */
		98457D20288D918100954D10 /* Project object */ = {
			isa = PBXProject;
			attributes = {
				BuildIndependentTargetsInParallel = 1;
				LastSwiftUpdateCheck = 1330;
				LastUpgradeCheck = 1330;
				TargetAttributes = {
					98457D27288D918100954D10 = {
						CreatedOnToolsVersion = 13.3.1;
					};
					98457D37288D918500954D10 = {
						CreatedOnToolsVersion = 13.3.1;
						TestTargetID = 98457D27288D918100954D10;
					};
					98457D41288D918500954D10 = {
						CreatedOnToolsVersion = 13.3.1;
						TestTargetID = 98457D27288D918100954D10;
					};
				};
			};
			buildConfigurationList = 98457D23288D918100954D10 /* Build configuration list for PBXProject "ExpenseTracker" */;
			compatibilityVersion = "Xcode 13.0";
			developmentRegion = en;
			hasScannedForEncodings = 0;
			knownRegions = (
				en,
				Base,
			);
			mainGroup = 98457D1F288D918100954D10;
			packageReferences = (
				98457D65288DD33C00954D10 /* XCRemoteSwiftPackageReference "swift-collections" */,
				98457D68288DD3F900954D10 /* XCRemoteSwiftPackageReference "ChartView" */,
			);
			productRefGroup = 98457D29288D918100954D10 /* Products */;
			projectDirPath = "";
			projectRoot = "";
			targets = (
				98457D27288D918100954D10 /* ExpenseTracker */,
				98457D37288D918500954D10 /* ExpenseTrackerTests */,
				98457D41288D918500954D10 /* ExpenseTrackerUITests */,
			);
		};
/* End PBXProject section */

/* Begin PBXResourcesBuildPhase section */
		98457D26288D918100954D10 /* Resources */ = {
			isa = PBXResourcesBuildPhase;
			buildActionMask = 2147483647;
			files = (
				98457D33288D918500954D10 /* Preview Assets.xcassets in Resources */,
				98457D30288D918500954D10 /* Assets.xcassets in Resources */,
			);
			runOnlyForDeploymentPostprocessing = 0;
		};
		98457D36288D918500954D10 /* Resources */ = {
			isa = PBXResourcesBuildPhase;
			buildActionMask = 2147483647;
			files = (
			);
			runOnlyForDeploymentPostprocessing = 0;
		};
		98457D40288D918500954D10 /* Resources */ = {
			isa = PBXResourcesBuildPhase;
			buildActionMask = 2147483647;
			files = (
			);
			runOnlyForDeploymentPostprocessing = 0;
		};
/* End PBXResourcesBuildPhase section */

/* Begin PBXSourcesBuildPhase section */
		98457D24288D918100954D10 /* Sources */ = {
			isa = PBXSourcesBuildPhase;
			buildActionMask = 2147483647;
			files = (
				98457D5B288D986C00954D10 /* PreviewData.swift in Sources */,
				98457D59288D972400954D10 /* TransactionModel.swift in Sources */,
				98457D2E288D918100954D10 /* ContentView.swift in Sources */,
				98457D5E288D996E00954D10 /* TransactionRow.swift in Sources */,
				98457D56288D940200954D10 /* Extensions.swift in Sources */,
				98457D64288DD00300954D10 /* TxnsDetailView.swift in Sources */,
				98457D62288DC53100954D10 /* RecentTxnListView.swift in Sources */,
				98457D60288DC10C00954D10 /* TransactionListViewModel.swift in Sources */,
				98457D2C288D918100954D10 /* ExpenseTrackerApp.swift in Sources */,
			);
			runOnlyForDeploymentPostprocessing = 0;
		};
		98457D34288D918500954D10 /* Sources */ = {
			isa = PBXSourcesBuildPhase;
			buildActionMask = 2147483647;
			files = (
				98457D3D288D918500954D10 /* ExpenseTrackerTests.swift in Sources */,
			);
			runOnlyForDeploymentPostprocessing = 0;
		};
		98457D3E288D918500954D10 /* Sources */ = {
			isa = PBXSourcesBuildPhase;
			buildActionMask = 2147483647;
			files = (
				98457D49288D918500954D10 /* ExpenseTrackerUITestsLaunchTests.swift in Sources */,
				98457D47288D918500954D10 /* ExpenseTrackerUITests.swift in Sources */,
			);
			runOnlyForDeploymentPostprocessing = 0;
		};
/* End PBXSourcesBuildPhase section */

/* Begin PBXTargetDependency section */
		98457D3A288D918500954D10 /* PBXTargetDependency */ = {
			isa = PBXTargetDependency;
			target = 98457D27288D918100954D10 /* ExpenseTracker */;
			targetProxy = 98457D39288D918500954D10 /* PBXContainerItemProxy */;
		};
		98457D44288D918500954D10 /* PBXTargetDependency */ = {
			isa = PBXTargetDependency;
			target = 98457D27288D918100954D10 /* ExpenseTracker */;
			targetProxy = 98457D43288D918500954D10 /* PBXContainerItemProxy */;
		};
/* End PBXTargetDependency section */

/* Begin XCBuildConfiguration section */
		98457D4A288D918500954D10 /* Debug */ = {
			isa = XCBuildConfiguration;
			buildSettings = {
				ALWAYS_SEARCH_USER_PATHS = NO;
				CLANG_ANALYZER_NONNULL = YES;
				CLANG_ANALYZER_NUMBER_OBJECT_CONVERSION = YES_AGGRESSIVE;
				CLANG_CXX_LANGUAGE_STANDARD = "gnu++17";
				CLANG_ENABLE_MODULES = YES;
				CLANG_ENABLE_OBJC_ARC = YES;
				CLANG_ENABLE_OBJC_WEAK = YES;
				CLANG_WARN_BLOCK_CAPTURE_AUTORELEASING = YES;
				CLANG_WARN_BOOL_CONVERSION = YES;
				CLANG_WARN_COMMA = YES;
				CLANG_WARN_CONSTANT_CONVERSION = YES;
				CLANG_WARN_DEPRECATED_OBJC_IMPLEMENTATIONS = YES;
				CLANG_WARN_DIRECT_OBJC_ISA_USAGE = YES_ERROR;
				CLANG_WARN_DOCUMENTATION_COMMENTS = YES;
				CLANG_WARN_EMPTY_BODY = YES;
				CLANG_WARN_ENUM_CONVERSION = YES;
				CLANG_WARN_INFINITE_RECURSION = YES;
				CLANG_WARN_INT_CONVERSION = YES;
				CLANG_WARN_NON_LITERAL_NULL_CONVERSION = YES;
				CLANG_WARN_OBJC_IMPLICIT_RETAIN_SELF = YES;
				CLANG_WARN_OBJC_LITERAL_CONVERSION = YES;
				CLANG_WARN_OBJC_ROOT_CLASS = YES_ERROR;
				CLANG_WARN_QUOTED_INCLUDE_IN_FRAMEWORK_HEADER = YES;
				CLANG_WARN_RANGE_LOOP_ANALYSIS = YES;
				CLANG_WARN_STRICT_PROTOTYPES = YES;
				CLANG_WARN_SUSPICIOUS_MOVE = YES;
				CLANG_WARN_UNGUARDED_AVAILABILITY = YES_AGGRESSIVE;
				CLANG_WARN_UNREACHABLE_CODE = YES;
				CLANG_WARN__DUPLICATE_METHOD_MATCH = YES;
				COPY_PHASE_STRIP = NO;
				DEBUG_INFORMATION_FORMAT = dwarf;
				ENABLE_STRICT_OBJC_MSGSEND = YES;
				ENABLE_TESTABILITY = YES;
				GCC_C_LANGUAGE_STANDARD = gnu11;
				GCC_DYNAMIC_NO_PIC = NO;
				GCC_NO_COMMON_BLOCKS = YES;
				GCC_OPTIMIZATION_LEVEL = 0;
				GCC_PREPROCESSOR_DEFINITIONS = (
					"DEBUG=1",
					"$(inherited)",
				);
				GCC_WARN_64_TO_32_BIT_CONVERSION = YES;
				GCC_WARN_ABOUT_RETURN_TYPE = YES_ERROR;
				GCC_WARN_UNDECLARED_SELECTOR = YES;
				GCC_WARN_UNINITIALIZED_AUTOS = YES_AGGRESSIVE;
				GCC_WARN_UNUSED_FUNCTION = YES;
				GCC_WARN_UNUSED_VARIABLE = YES;
				IPHONEOS_DEPLOYMENT_TARGET = 15.0;
				MTL_ENABLE_DEBUG_INFO = INCLUDE_SOURCE;
				MTL_FAST_MATH = YES;
				ONLY_ACTIVE_ARCH = YES;
				SDKROOT = iphoneos;
				SWIFT_ACTIVE_COMPILATION_CONDITIONS = DEBUG;
				SWIFT_OPTIMIZATION_LEVEL = "-Onone";
			};
			name = Debug;
		};
		98457D4B288D918500954D10 /* Release */ = {
			isa = XCBuildConfiguration;
			buildSettings = {
				ALWAYS_SEARCH_USER_PATHS = NO;
				CLANG_ANALYZER_NONNULL = YES;
				CLANG_ANALYZER_NUMBER_OBJECT_CONVERSION = YES_AGGRESSIVE;
				CLANG_CXX_LANGUAGE_STANDARD = "gnu++17";
				CLANG_ENABLE_MODULES = YES;
				CLANG_ENABLE_OBJC_ARC = YES;
				CLANG_ENABLE_OBJC_WEAK = YES;
				CLANG_WARN_BLOCK_CAPTURE_AUTORELEASING = YES;
				CLANG_WARN_BOOL_CONVERSION = YES;
				CLANG_WARN_COMMA = YES;
				CLANG_WARN_CONSTANT_CONVERSION = YES;
				CLANG_WARN_DEPRECATED_OBJC_IMPLEMENTATIONS = YES;
				CLANG_WARN_DIRECT_OBJC_ISA_USAGE = YES_ERROR;
				CLANG_WARN_DOCUMENTATION_COMMENTS = YES;
				CLANG_WARN_EMPTY_BODY = YES;
				CLANG_WARN_ENUM_CONVERSION = YES;
				CLANG_WARN_INFINITE_RECURSION = YES;
				CLANG_WARN_INT_CONVERSION = YES;
				CLANG_WARN_NON_LITERAL_NULL_CONVERSION = YES;
				CLANG_WARN_OBJC_IMPLICIT_RETAIN_SELF = YES;
				CLANG_WARN_OBJC_LITERAL_CONVERSION = YES;
				CLANG_WARN_OBJC_ROOT_CLASS = YES_ERROR;
				CLANG_WARN_QUOTED_INCLUDE_IN_FRAMEWORK_HEADER = YES;
				CLANG_WARN_RANGE_LOOP_ANALYSIS = YES;
				CLANG_WARN_STRICT_PROTOTYPES = YES;
				CLANG_WARN_SUSPICIOUS_MOVE = YES;
				CLANG_WARN_UNGUARDED_AVAILABILITY = YES_AGGRESSIVE;
				CLANG_WARN_UNREACHABLE_CODE = YES;
				CLANG_WARN__DUPLICATE_METHOD_MATCH = YES;
				COPY_PHASE_STRIP = NO;
				DEBUG_INFORMATION_FORMAT = "dwarf-with-dsym";
				ENABLE_NS_ASSERTIONS = NO;
				ENABLE_STRICT_OBJC_MSGSEND = YES;
				GCC_C_LANGUAGE_STANDARD = gnu11;
				GCC_NO_COMMON_BLOCKS = YES;
				GCC_WARN_64_TO_32_BIT_CONVERSION = YES;
				GCC_WARN_ABOUT_RETURN_TYPE = YES_ERROR;
				GCC_WARN_UNDECLARED_SELECTOR = YES;
				GCC_WARN_UNINITIALIZED_AUTOS = YES_AGGRESSIVE;
				GCC_WARN_UNUSED_FUNCTION = YES;
				GCC_WARN_UNUSED_VARIABLE = YES;
				IPHONEOS_DEPLOYMENT_TARGET = 15.0;
				MTL_ENABLE_DEBUG_INFO = NO;
				MTL_FAST_MATH = YES;
				SDKROOT = iphoneos;
				SWIFT_COMPILATION_MODE = wholemodule;
				SWIFT_OPTIMIZATION_LEVEL = "-O";
				VALIDATE_PRODUCT = YES;
			};
			name = Release;
		};
		98457D4D288D918500954D10 /* Debug */ = {
			isa = XCBuildConfiguration;
			buildSettings = {
				ASSETCATALOG_COMPILER_APPICON_NAME = AppIcon;
				ASSETCATALOG_COMPILER_GLOBAL_ACCENT_COLOR_NAME = AccentColor;
				CODE_SIGN_STYLE = Automatic;
				CURRENT_PROJECT_VERSION = 1;
				DEVELOPMENT_ASSET_PATHS = "\"ExpenseTracker/Preview Content\"";
				DEVELOPMENT_TEAM = W783UN5XF7;
				ENABLE_PREVIEWS = YES;
				GENERATE_INFOPLIST_FILE = YES;
				INFOPLIST_KEY_UIApplicationSceneManifest_Generation = YES;
				INFOPLIST_KEY_UIApplicationSupportsIndirectInputEvents = YES;
				INFOPLIST_KEY_UILaunchScreen_Generation = YES;
				INFOPLIST_KEY_UISupportedInterfaceOrientations_iPad = "UIInterfaceOrientationPortrait UIInterfaceOrientationPortraitUpsideDown UIInterfaceOrientationLandscapeLeft UIInterfaceOrientationLandscapeRight";
				INFOPLIST_KEY_UISupportedInterfaceOrientations_iPhone = "UIInterfaceOrientationPortrait UIInterfaceOrientationLandscapeLeft UIInterfaceOrientationLandscapeRight";
				LD_RUNPATH_SEARCH_PATHS = (
					"$(inherited)",
					"@executable_path/Frameworks",
				);
				MARKETING_VERSION = 1.0;
				PRODUCT_BUNDLE_IDENTIFIER = com.development.ExpenseTracker;
				PRODUCT_NAME = "$(TARGET_NAME)";
				SWIFT_EMIT_LOC_STRINGS = YES;
				SWIFT_VERSION = 5.0;
				TARGETED_DEVICE_FAMILY = "1,2";
			};
			name = Debug;
		};
		98457D4E288D918500954D10 /* Release */ = {
			isa = XCBuildConfiguration;
			buildSettings = {
				ASSETCATALOG_COMPILER_APPICON_NAME = AppIcon;
				ASSETCATALOG_COMPILER_GLOBAL_ACCENT_COLOR_NAME = AccentColor;
				CODE_SIGN_STYLE = Automatic;
				CURRENT_PROJECT_VERSION = 1;
				DEVELOPMENT_ASSET_PATHS = "\"ExpenseTracker/Preview Content\"";
				DEVELOPMENT_TEAM = W783UN5XF7;
				ENABLE_PREVIEWS = YES;
				GENERATE_INFOPLIST_FILE = YES;
				INFOPLIST_KEY_UIApplicationSceneManifest_Generation = YES;
				INFOPLIST_KEY_UIApplicationSupportsIndirectInputEvents = YES;
				INFOPLIST_KEY_UILaunchScreen_Generation = YES;
				INFOPLIST_KEY_UISupportedInterfaceOrientations_iPad = "UIInterfaceOrientationPortrait UIInterfaceOrientationPortraitUpsideDown UIInterfaceOrientationLandscapeLeft UIInterfaceOrientationLandscapeRight";
				INFOPLIST_KEY_UISupportedInterfaceOrientations_iPhone = "UIInterfaceOrientationPortrait UIInterfaceOrientationLandscapeLeft UIInterfaceOrientationLandscapeRight";
				LD_RUNPATH_SEARCH_PATHS = (
					"$(inherited)",
					"@executable_path/Frameworks",
				);
				MARKETING_VERSION = 1.0;
				PRODUCT_BUNDLE_IDENTIFIER = com.development.ExpenseTracker;
				PRODUCT_NAME = "$(TARGET_NAME)";
				SWIFT_EMIT_LOC_STRINGS = YES;
				SWIFT_VERSION = 5.0;
				TARGETED_DEVICE_FAMILY = "1,2";
			};
			name = Release;
		};
		98457D50288D918500954D10 /* Debug */ = {
			isa = XCBuildConfiguration;
			buildSettings = {
				ALWAYS_EMBED_SWIFT_STANDARD_LIBRARIES = YES;
				BUNDLE_LOADER = "$(TEST_HOST)";
				CODE_SIGN_STYLE = Automatic;
				CURRENT_PROJECT_VERSION = 1;
				DEVELOPMENT_TEAM = W783UN5XF7;
				GENERATE_INFOPLIST_FILE = YES;
				IPHONEOS_DEPLOYMENT_TARGET = 15.4;
				MARKETING_VERSION = 1.0;
				PRODUCT_BUNDLE_IDENTIFIER = com.development.ExpenseTrackerTests;
				PRODUCT_NAME = "$(TARGET_NAME)";
				SWIFT_EMIT_LOC_STRINGS = NO;
				SWIFT_VERSION = 5.0;
				TARGETED_DEVICE_FAMILY = "1,2";
				TEST_HOST = "$(BUILT_PRODUCTS_DIR)/ExpenseTracker.app/ExpenseTracker";
			};
			name = Debug;
		};
		98457D51288D918500954D10 /* Release */ = {
			isa = XCBuildConfiguration;
			buildSettings = {
				ALWAYS_EMBED_SWIFT_STANDARD_LIBRARIES = YES;
				BUNDLE_LOADER = "$(TEST_HOST)";
				CODE_SIGN_STYLE = Automatic;
				CURRENT_PROJECT_VERSION = 1;
				DEVELOPMENT_TEAM = W783UN5XF7;
				GENERATE_INFOPLIST_FILE = YES;
				IPHONEOS_DEPLOYMENT_TARGET = 15.4;
				MARKETING_VERSION = 1.0;
				PRODUCT_BUNDLE_IDENTIFIER = com.development.ExpenseTrackerTests;
				PRODUCT_NAME = "$(TARGET_NAME)";
				SWIFT_EMIT_LOC_STRINGS = NO;
				SWIFT_VERSION = 5.0;
				TARGETED_DEVICE_FAMILY = "1,2";
				TEST_HOST = "$(BUILT_PRODUCTS_DIR)/ExpenseTracker.app/ExpenseTracker";
			};
			name = Release;
		};
		98457D53288D918500954D10 /* Debug */ = {
			isa = XCBuildConfiguration;
			buildSettings = {
				ALWAYS_EMBED_SWIFT_STANDARD_LIBRARIES = YES;
				CODE_SIGN_STYLE = Automatic;
				CURRENT_PROJECT_VERSION = 1;
				DEVELOPMENT_TEAM = W783UN5XF7;
				GENERATE_INFOPLIST_FILE = YES;
				MARKETING_VERSION = 1.0;
				PRODUCT_BUNDLE_IDENTIFIER = com.development.ExpenseTrackerUITests;
				PRODUCT_NAME = "$(TARGET_NAME)";
				SWIFT_EMIT_LOC_STRINGS = NO;
				SWIFT_VERSION = 5.0;
				TARGETED_DEVICE_FAMILY = "1,2";
				TEST_TARGET_NAME = ExpenseTracker;
			};
			name = Debug;
		};
		98457D54288D918500954D10 /* Release */ = {
			isa = XCBuildConfiguration;
			buildSettings = {
				ALWAYS_EMBED_SWIFT_STANDARD_LIBRARIES = YES;
				CODE_SIGN_STYLE = Automatic;
				CURRENT_PROJECT_VERSION = 1;
				DEVELOPMENT_TEAM = W783UN5XF7;
				GENERATE_INFOPLIST_FILE = YES;
				MARKETING_VERSION = 1.0;
				PRODUCT_BUNDLE_IDENTIFIER = com.development.ExpenseTrackerUITests;
				PRODUCT_NAME = "$(TARGET_NAME)";
				SWIFT_EMIT_LOC_STRINGS = NO;
				SWIFT_VERSION = 5.0;
				TARGETED_DEVICE_FAMILY = "1,2";
				TEST_TARGET_NAME = ExpenseTracker;
			};
			name = Release;
		};
/* End XCBuildConfiguration section */

/* Begin XCConfigurationList section */
		98457D23288D918100954D10 /* Build configuration list for PBXProject "ExpenseTracker" */ = {
			isa = XCConfigurationList;
			buildConfigurations = (
				98457D4A288D918500954D10 /* Debug */,
				98457D4B288D918500954D10 /* Release */,
			);
			defaultConfigurationIsVisible = 0;
			defaultConfigurationName = Release;
		};
		98457D4C288D918500954D10 /* Build configuration list for PBXNativeTarget "ExpenseTracker" */ = {
			isa = XCConfigurationList;
			buildConfigurations = (
				98457D4D288D918500954D10 /* Debug */,
				98457D4E288D918500954D10 /* Release */,
			);
			defaultConfigurationIsVisible = 0;
			defaultConfigurationName = Release;
		};
		98457D4F288D918500954D10 /* Build configuration list for PBXNativeTarget "ExpenseTrackerTests" */ = {
			isa = XCConfigurationList;
			buildConfigurations = (
				98457D50288D918500954D10 /* Debug */,
				98457D51288D918500954D10 /* Release */,
			);
			defaultConfigurationIsVisible = 0;
			defaultConfigurationName = Release;
		};
		98457D52288D918500954D10 /* Build configuration list for PBXNativeTarget "ExpenseTrackerUITests" */ = {
			isa = XCConfigurationList;
			buildConfigurations = (
				98457D53288D918500954D10 /* Debug */,
				98457D54288D918500954D10 /* Release */,
			);
			defaultConfigurationIsVisible = 0;
			defaultConfigurationName = Release;
		};
/* End XCConfigurationList section */

/* Begin XCRemoteSwiftPackageReference section */
		98457D65288DD33C00954D10 /* XCRemoteSwiftPackageReference "swift-collections" */ = {
			isa = XCRemoteSwiftPackageReference;
			repositoryURL = "https://github.com/apple/swift-collections.git";
			requirement = {
				kind = upToNextMajorVersion;
				minimumVersion = 1.0.2;
			};
		};
		98457D68288DD3F900954D10 /* XCRemoteSwiftPackageReference "ChartView" */ = {
			isa = XCRemoteSwiftPackageReference;
			repositoryURL = "https://github.com/AppPear/ChartView";
			requirement = {
				kind = exactVersion;
				version = "2.0.0-beta.2";
			};
		};
/* End XCRemoteSwiftPackageReference section */

/* Begin XCSwiftPackageProductDependency section */
		98457D66288DD33C00954D10 /* Collections */ = {
			isa = XCSwiftPackageProductDependency;
			package = 98457D65288DD33C00954D10 /* XCRemoteSwiftPackageReference "swift-collections" */;
			productName = Collections;
		};
		98457D69288DD3F900954D10 /* SwiftUICharts */ = {
			isa = XCSwiftPackageProductDependency;
			package = 98457D68288DD3F900954D10 /* XCRemoteSwiftPackageReference "ChartView" */;
			productName = SwiftUICharts;
		};
/* End XCSwiftPackageProductDependency section */
	};
	rootObject = 98457D20288D918100954D10 /* Project object */;
}
